// !$*UTF8*$!
{
	archiveVersion = 1;
	classes = {
	};
	objectVersion = 56;
	objects = {

/* Begin PBXBuildFile section */
		CE587F2A29A3C6180005391C /* AppDelegate.swift in Sources */ = {isa = PBXBuildFile; fileRef = CE587F2929A3C6180005391C /* AppDelegate.swift */; };
		CE587F2C29A3C6180005391C /* SceneDelegate.swift in Sources */ = {isa = PBXBuildFile; fileRef = CE587F2B29A3C6180005391C /* SceneDelegate.swift */; };
		CE587F2E29A3C6180005391C /* NotesListViewController.swift in Sources */ = {isa = PBXBuildFile; fileRef = CE587F2D29A3C6180005391C /* NotesListViewController.swift */; };
		CE587F3129A3C6180005391C /* Notes.storyboard in Resources */ = {isa = PBXBuildFile; fileRef = CE587F2F29A3C6180005391C /* Notes.storyboard */; };
		CE587F3329A3C6190005391C /* Assets.xcassets in Resources */ = {isa = PBXBuildFile; fileRef = CE587F3229A3C6190005391C /* Assets.xcassets */; };
		CE587F3629A3C6190005391C /* LaunchScreen.storyboard in Resources */ = {isa = PBXBuildFile; fileRef = CE587F3429A3C6190005391C /* LaunchScreen.storyboard */; };
		CE587F4629A3CC100005391C /* Noty.xcdatamodeld in Sources */ = {isa = PBXBuildFile; fileRef = CE587F4429A3CC100005391C /* Noty.xcdatamodeld */; };
		CE587F4829A3CD010005391C /* CoreDanaManager.swift in Sources */ = {isa = PBXBuildFile; fileRef = CE587F4729A3CD010005391C /* CoreDanaManager.swift */; };
		CE587F4A29A3CFFB0005391C /* Constant.swift in Sources */ = {isa = PBXBuildFile; fileRef = CE587F4929A3CFFB0005391C /* Constant.swift */; };
		CE587F6E29A431A80005391C /* StoryBoardInstaniate.swift in Sources */ = {isa = PBXBuildFile; fileRef = CE587F6D29A431A80005391C /* StoryBoardInstaniate.swift */; };
		CE587F7229A437EE0005391C /* ManagedContext+Extension.swift in Sources */ = {isa = PBXBuildFile; fileRef = CE587F7129A437EE0005391C /* ManagedContext+Extension.swift */; };
		CED1150A29A631E4004548A8 /* NoteCell.swift in Sources */ = {isa = PBXBuildFile; fileRef = CED1150829A631E4004548A8 /* NoteCell.swift */; };
		CED1150B29A631E4004548A8 /* NoteCell.xib in Resources */ = {isa = PBXBuildFile; fileRef = CED1150929A631E4004548A8 /* NoteCell.xib */; };
		CED1150D29A64FB9004548A8 /* UIcolor+Extension.swift in Sources */ = {isa = PBXBuildFile; fileRef = CED1150C29A64FB9004548A8 /* UIcolor+Extension.swift */; };
/* End PBXBuildFile section */

/* Begin PBXFileReference section */
		CE587F2629A3C6180005391C /* NotyApp.app */ = {isa = PBXFileReference; explicitFileType = wrapper.application; includeInIndex = 0; path = NotyApp.app; sourceTree = BUILT_PRODUCTS_DIR; };
		CE587F2929A3C6180005391C /* AppDelegate.swift */ = {isa = PBXFileReference; lastKnownFileType = sourcecode.swift; path = AppDelegate.swift; sourceTree = "<group>"; };
		CE587F2B29A3C6180005391C /* SceneDelegate.swift */ = {isa = PBXFileReference; lastKnownFileType = sourcecode.swift; path = SceneDelegate.swift; sourceTree = "<group>"; };
		CE587F2D29A3C6180005391C /* NotesListViewController.swift */ = {isa = PBXFileReference; lastKnownFileType = sourcecode.swift; path = NotesListViewController.swift; sourceTree = "<group>"; };
		CE587F3029A3C6180005391C /* Base */ = {isa = PBXFileReference; lastKnownFileType = file.storyboard; name = Base; path = Base.lproj/Notes.storyboard; sourceTree = "<group>"; };
		CE587F3229A3C6190005391C /* Assets.xcassets */ = {isa = PBXFileReference; lastKnownFileType = folder.assetcatalog; path = Assets.xcassets; sourceTree = "<group>"; };
		CE587F3529A3C6190005391C /* Base */ = {isa = PBXFileReference; lastKnownFileType = file.storyboard; name = Base; path = Base.lproj/LaunchScreen.storyboard; sourceTree = "<group>"; };
		CE587F3729A3C6190005391C /* Info.plist */ = {isa = PBXFileReference; lastKnownFileType = text.plist.xml; path = Info.plist; sourceTree = "<group>"; };
		CE587F4529A3CC100005391C /* Noty.xcdatamodel */ = {isa = PBXFileReference; lastKnownFileType = wrapper.xcdatamodel; path = Noty.xcdatamodel; sourceTree = "<group>"; };
		CE587F4729A3CD010005391C /* CoreDanaManager.swift */ = {isa = PBXFileReference; lastKnownFileType = sourcecode.swift; path = CoreDanaManager.swift; sourceTree = "<group>"; };
		CE587F4929A3CFFB0005391C /* Constant.swift */ = {isa = PBXFileReference; lastKnownFileType = sourcecode.swift; path = Constant.swift; sourceTree = "<group>"; };
		CE587F6D29A431A80005391C /* StoryBoardInstaniate.swift */ = {isa = PBXFileReference; lastKnownFileType = sourcecode.swift; path = StoryBoardInstaniate.swift; sourceTree = "<group>"; };
		CE587F7129A437EE0005391C /* ManagedContext+Extension.swift */ = {isa = PBXFileReference; lastKnownFileType = sourcecode.swift; path = "ManagedContext+Extension.swift"; sourceTree = "<group>"; };
		CED1150829A631E4004548A8 /* NoteCell.swift */ = {isa = PBXFileReference; lastKnownFileType = sourcecode.swift; path = NoteCell.swift; sourceTree = "<group>"; };
		CED1150929A631E4004548A8 /* NoteCell.xib */ = {isa = PBXFileReference; lastKnownFileType = file.xib; path = NoteCell.xib; sourceTree = "<group>"; };
		CED1150C29A64FB9004548A8 /* UIcolor+Extension.swift */ = {isa = PBXFileReference; lastKnownFileType = sourcecode.swift; path = "UIcolor+Extension.swift"; sourceTree = "<group>"; };
/* End PBXFileReference section */

/* Begin PBXFrameworksBuildPhase section */
		CE587F2329A3C6180005391C /* Frameworks */ = {
			isa = PBXFrameworksBuildPhase;
			buildActionMask = 2147483647;
			files = (
			);
			runOnlyForDeploymentPostprocessing = 0;
		};
/* End PBXFrameworksBuildPhase section */

/* Begin PBXGroup section */
		CE587F1D29A3C6180005391C = {
			isa = PBXGroup;
			children = (
				CE587F2829A3C6180005391C /* NotyApp */,
				CE587F2729A3C6180005391C /* Products */,
			);
			sourceTree = "<group>";
		};
		CE587F2729A3C6180005391C /* Products */ = {
			isa = PBXGroup;
			children = (
				CE587F2629A3C6180005391C /* NotyApp.app */,
			);
			name = Products;
			sourceTree = "<group>";
		};
		CE587F2829A3C6180005391C /* NotyApp */ = {
			isa = PBXGroup;
			children = (
				CE587F3D29A3C6310005391C /* Application Delegate */,
				CE587F3E29A3C6460005391C /* Controllers */,
				CE587F3F29A3C6550005391C /* Storyboard */,
				CE587F4029A3C67D0005391C /* Resources */,
				CE587F4229A3C6B70005391C /* Data Layer */,
				CE587F4129A3C6A20005391C /* Supporting Files */,
			);
			path = NotyApp;
			sourceTree = "<group>";
		};
		CE587F3D29A3C6310005391C /* Application Delegate */ = {
			isa = PBXGroup;
			children = (
				CE587F2929A3C6180005391C /* AppDelegate.swift */,
				CE587F2B29A3C6180005391C /* SceneDelegate.swift */,
			);
			path = "Application Delegate";
			sourceTree = "<group>";
		};
		CE587F3E29A3C6460005391C /* Controllers */ = {
			isa = PBXGroup;
			children = (
				CED1150729A631B9004548A8 /* Views */,
				CE587F2D29A3C6180005391C /* NotesListViewController.swift */,
			);
			path = Controllers;
			sourceTree = "<group>";
		};
		CE587F3F29A3C6550005391C /* Storyboard */ = {
			isa = PBXGroup;
			children = (
				CE587F6D29A431A80005391C /* StoryBoardInstaniate.swift */,
				CE587F2F29A3C6180005391C /* Notes.storyboard */,
				CE587F3429A3C6190005391C /* LaunchScreen.storyboard */,
			);
			path = Storyboard;
			sourceTree = "<group>";
		};
		CE587F4029A3C67D0005391C /* Resources */ = {
			isa = PBXGroup;
			children = (
				CE587F3229A3C6190005391C /* Assets.xcassets */,
			);
			path = Resources;
			sourceTree = "<group>";
		};
		CE587F4129A3C6A20005391C /* Supporting Files */ = {
			isa = PBXGroup;
			children = (
				CE587F3729A3C6190005391C /* Info.plist */,
				CE587F4929A3CFFB0005391C /* Constant.swift */,
				CED1150C29A64FB9004548A8 /* UIcolor+Extension.swift */,
			);
			path = "Supporting Files";
			sourceTree = "<group>";
		};
		CE587F4229A3C6B70005391C /* Data Layer */ = {
			isa = PBXGroup;
			children = (
				CE587F4729A3CD010005391C /* CoreDanaManager.swift */,
				CE587F7129A437EE0005391C /* ManagedContext+Extension.swift */,
				CE587F4429A3CC100005391C /* Noty.xcdatamodeld */,
			);
			path = "Data Layer";
			sourceTree = "<group>";
		};
		CED1150729A631B9004548A8 /* Views */ = {
			isa = PBXGroup;
			children = (
				CED1150829A631E4004548A8 /* NoteCell.swift */,
				CED1150929A631E4004548A8 /* NoteCell.xib */,
			);
			path = Views;
			sourceTree = "<group>";
		};
/* End PBXGroup section */

/* Begin PBXNativeTarget section */
		CE587F2529A3C6180005391C /* NotyApp */ = {
			isa = PBXNativeTarget;
			buildConfigurationList = CE587F3A29A3C6190005391C /* Build configuration list for PBXNativeTarget "NotyApp" */;
			buildPhases = (
				CE587F2229A3C6180005391C /* Sources */,
				CE587F2329A3C6180005391C /* Frameworks */,
				CE587F2429A3C6180005391C /* Resources */,
			);
			buildRules = (
			);
			dependencies = (
			);
			name = NotyApp;
			productName = NotyApp;
			productReference = CE587F2629A3C6180005391C /* NotyApp.app */;
			productType = "com.apple.product-type.application";
		};
/* End PBXNativeTarget section */

/* Begin PBXProject section */
		CE587F1E29A3C6180005391C /* Project object */ = {
			isa = PBXProject;
			attributes = {
				BuildIndependentTargetsInParallel = 1;
				LastSwiftUpdateCheck = 1420;
				LastUpgradeCheck = 1420;
				TargetAttributes = {
					CE587F2529A3C6180005391C = {
						CreatedOnToolsVersion = 14.2;
					};
				};
			};
			buildConfigurationList = CE587F2129A3C6180005391C /* Build configuration list for PBXProject "NotyApp" */;
			compatibilityVersion = "Xcode 14.0";
			developmentRegion = en;
			hasScannedForEncodings = 0;
			knownRegions = (
				en,
				Base,
			);
			mainGroup = CE587F1D29A3C6180005391C;
			productRefGroup = CE587F2729A3C6180005391C /* Products */;
			projectDirPath = "";
			projectRoot = "";
			targets = (
				CE587F2529A3C6180005391C /* NotyApp */,
			);
		};
/* End PBXProject section */

/* Begin PBXResourcesBuildPhase section */
		CE587F2429A3C6180005391C /* Resources */ = {
			isa = PBXResourcesBuildPhase;
			buildActionMask = 2147483647;
			files = (
				CE587F3629A3C6190005391C /* LaunchScreen.storyboard in Resources */,
				CE587F3329A3C6190005391C /* Assets.xcassets in Resources */,
				CE587F3129A3C6180005391C /* Notes.storyboard in Resources */,
				CED1150B29A631E4004548A8 /* NoteCell.xib in Resources */,
			);
			runOnlyForDeploymentPostprocessing = 0;
		};
/* End PBXResourcesBuildPhase section */

/* Begin PBXSourcesBuildPhase section */
		CE587F2229A3C6180005391C /* Sources */ = {
			isa = PBXSourcesBuildPhase;
			buildActionMask = 2147483647;
			files = (
				CE587F2E29A3C6180005391C /* NotesListViewController.swift in Sources */,
				CE587F2A29A3C6180005391C /* AppDelegate.swift in Sources */,
				CE587F4829A3CD010005391C /* CoreDanaManager.swift in Sources */,
				CE587F7229A437EE0005391C /* ManagedContext+Extension.swift in Sources */,
				CE587F6E29A431A80005391C /* StoryBoardInstaniate.swift in Sources */,
				CE587F2C29A3C6180005391C /* SceneDelegate.swift in Sources */,
				CED1150A29A631E4004548A8 /* NoteCell.swift in Sources */,
				CE587F4629A3CC100005391C /* Noty.xcdatamodeld in Sources */,
				CE587F4A29A3CFFB0005391C /* Constant.swift in Sources */,
				CED1150D29A64FB9004548A8 /* UIcolor+Extension.swift in Sources */,
			);
			runOnlyForDeploymentPostprocessing = 0;
		};
/* End PBXSourcesBuildPhase section */

/* Begin PBXVariantGroup section */
		CE587F2F29A3C6180005391C /* Notes.storyboard */ = {
			isa = PBXVariantGroup;
			children = (
				CE587F3029A3C6180005391C /* Base */,
			);
			name = Notes.storyboard;
			sourceTree = "<group>";
		};
		CE587F3429A3C6190005391C /* LaunchScreen.storyboard */ = {
			isa = PBXVariantGroup;
			children = (
				CE587F3529A3C6190005391C /* Base */,
			);
			name = LaunchScreen.storyboard;
			sourceTree = "<group>";
		};
/* End PBXVariantGroup section */

/* Begin XCBuildConfiguration section */
		CE587F3829A3C6190005391C /* Debug */ = {
			isa = XCBuildConfiguration;
			buildSettings = {
				ALWAYS_SEARCH_USER_PATHS = NO;
				CLANG_ANALYZER_NONNULL = YES;
				CLANG_ANALYZER_NUMBER_OBJECT_CONVERSION = YES_AGGRESSIVE;
				CLANG_CXX_LANGUAGE_STANDARD = "gnu++20";
				CLANG_ENABLE_MODULES = YES;
				CLANG_ENABLE_OBJC_ARC = YES;
				CLANG_ENABLE_OBJC_WEAK = YES;
				CLANG_WARN_BLOCK_CAPTURE_AUTORELEASING = YES;
				CLANG_WARN_BOOL_CONVERSION = YES;
				CLANG_WARN_COMMA = YES;
				CLANG_WARN_CONSTANT_CONVERSION = YES;
				CLANG_WARN_DEPRECATED_OBJC_IMPLEMENTATIONS = YES;
				CLANG_WARN_DIRECT_OBJC_ISA_USAGE = YES_ERROR;
				CLANG_WARN_DOCUMENTATION_COMMENTS = YES;
				CLANG_WARN_EMPTY_BODY = YES;
				CLANG_WARN_ENUM_CONVERSION = YES;
				CLANG_WARN_INFINITE_RECURSION = YES;
				CLANG_WARN_INT_CONVERSION = YES;
				CLANG_WARN_NON_LITERAL_NULL_CONVERSION = YES;
				CLANG_WARN_OBJC_IMPLICIT_RETAIN_SELF = YES;
				CLANG_WARN_OBJC_LITERAL_CONVERSION = YES;
				CLANG_WARN_OBJC_ROOT_CLASS = YES_ERROR;
				CLANG_WARN_QUOTED_INCLUDE_IN_FRAMEWORK_HEADER = YES;
				CLANG_WARN_RANGE_LOOP_ANALYSIS = YES;
				CLANG_WARN_STRICT_PROTOTYPES = YES;
				CLANG_WARN_SUSPICIOUS_MOVE = YES;
				CLANG_WARN_UNGUARDED_AVAILABILITY = YES_AGGRESSIVE;
				CLANG_WARN_UNREACHABLE_CODE = YES;
				CLANG_WARN__DUPLICATE_METHOD_MATCH = YES;
				COPY_PHASE_STRIP = NO;
				DEBUG_INFORMATION_FORMAT = dwarf;
				ENABLE_STRICT_OBJC_MSGSEND = YES;
				ENABLE_TESTABILITY = YES;
				GCC_C_LANGUAGE_STANDARD = gnu11;
				GCC_DYNAMIC_NO_PIC = NO;
				GCC_NO_COMMON_BLOCKS = YES;
				GCC_OPTIMIZATION_LEVEL = 0;
				GCC_PREPROCESSOR_DEFINITIONS = (
					"DEBUG=1",
					"$(inherited)",
				);
				GCC_WARN_64_TO_32_BIT_CONVERSION = YES;
				GCC_WARN_ABOUT_RETURN_TYPE = YES_ERROR;
				GCC_WARN_UNDECLARED_SELECTOR = YES;
				GCC_WARN_UNINITIALIZED_AUTOS = YES_AGGRESSIVE;
				GCC_WARN_UNUSED_FUNCTION = YES;
				GCC_WARN_UNUSED_VARIABLE = YES;
				IPHONEOS_DEPLOYMENT_TARGET = 16.2;
				MTL_ENABLE_DEBUG_INFO = INCLUDE_SOURCE;
				MTL_FAST_MATH = YES;
				ONLY_ACTIVE_ARCH = YES;
				SDKROOT = iphoneos;
				SWIFT_ACTIVE_COMPILATION_CONDITIONS = DEBUG;
				SWIFT_OPTIMIZATION_LEVEL = "-Onone";
			};
			name = Debug;
		};
		CE587F3929A3C6190005391C /* Release */ = {
			isa = XCBuildConfiguration;
			buildSettings = {
				ALWAYS_SEARCH_USER_PATHS = NO;
				CLANG_ANALYZER_NONNULL = YES;
				CLANG_ANALYZER_NUMBER_OBJECT_CONVERSION = YES_AGGRESSIVE;
				CLANG_CXX_LANGUAGE_STANDARD = "gnu++20";
				CLANG_ENABLE_MODULES = YES;
				CLANG_ENABLE_OBJC_ARC = YES;
				CLANG_ENABLE_OBJC_WEAK = YES;
				CLANG_WARN_BLOCK_CAPTURE_AUTORELEASING = YES;
				CLANG_WARN_BOOL_CONVERSION = YES;
				CLANG_WARN_COMMA = YES;
				CLANG_WARN_CONSTANT_CONVERSION = YES;
				CLANG_WARN_DEPRECATED_OBJC_IMPLEMENTATIONS = YES;
				CLANG_WARN_DIRECT_OBJC_ISA_USAGE = YES_ERROR;
				CLANG_WARN_DOCUMENTATION_COMMENTS = YES;
				CLANG_WARN_EMPTY_BODY = YES;
				CLANG_WARN_ENUM_CONVERSION = YES;
				CLANG_WARN_INFINITE_RECURSION = YES;
				CLANG_WARN_INT_CONVERSION = YES;
				CLANG_WARN_NON_LITERAL_NULL_CONVERSION = YES;
				CLANG_WARN_OBJC_IMPLICIT_RETAIN_SELF = YES;
				CLANG_WARN_OBJC_LITERAL_CONVERSION = YES;
				CLANG_WARN_OBJC_ROOT_CLASS = YES_ERROR;
				CLANG_WARN_QUOTED_INCLUDE_IN_FRAMEWORK_HEADER = YES;
				CLANG_WARN_RANGE_LOOP_ANALYSIS = YES;
				CLANG_WARN_STRICT_PROTOTYPES = YES;
				CLANG_WARN_SUSPICIOUS_MOVE = YES;
				CLANG_WARN_UNGUARDED_AVAILABILITY = YES_AGGRESSIVE;
				CLANG_WARN_UNREACHABLE_CODE = YES;
				CLANG_WARN__DUPLICATE_METHOD_MATCH = YES;
				COPY_PHASE_STRIP = NO;
				DEBUG_INFORMATION_FORMAT = "dwarf-with-dsym";
				ENABLE_NS_ASSERTIONS = NO;
				ENABLE_STRICT_OBJC_MSGSEND = YES;
				GCC_C_LANGUAGE_STANDARD = gnu11;
				GCC_NO_COMMON_BLOCKS = YES;
				GCC_WARN_64_TO_32_BIT_CONVERSION = YES;
				GCC_WARN_ABOUT_RETURN_TYPE = YES_ERROR;
				GCC_WARN_UNDECLARED_SELECTOR = YES;
				GCC_WARN_UNINITIALIZED_AUTOS = YES_AGGRESSIVE;
				GCC_WARN_UNUSED_FUNCTION = YES;
				GCC_WARN_UNUSED_VARIABLE = YES;
				IPHONEOS_DEPLOYMENT_TARGET = 16.2;
				MTL_ENABLE_DEBUG_INFO = NO;
				MTL_FAST_MATH = YES;
				SDKROOT = iphoneos;
				SWIFT_COMPILATION_MODE = wholemodule;
				SWIFT_OPTIMIZATION_LEVEL = "-O";
				VALIDATE_PRODUCT = YES;
			};
			name = Release;
		};
		CE587F3B29A3C6190005391C /* Debug */ = {
			isa = XCBuildConfiguration;
			buildSettings = {
				ASSETCATALOG_COMPILER_APPICON_NAME = AppIcon;
				ASSETCATALOG_COMPILER_GLOBAL_ACCENT_COLOR_NAME = AccentColor;
				CODE_SIGN_STYLE = Automatic;
				CURRENT_PROJECT_VERSION = 1;
				GENERATE_INFOPLIST_FILE = YES;
				INFOPLIST_FILE = NotyApp/Info.plist;
				INFOPLIST_KEY_CFBundleDisplayName = Noty;
				INFOPLIST_KEY_UIApplicationSupportsIndirectInputEvents = YES;
				INFOPLIST_KEY_UILaunchStoryboardName = LaunchScreen;
				INFOPLIST_KEY_UIMainStoryboardFile = Notes;
				INFOPLIST_KEY_UISupportedInterfaceOrientations_iPad = "UIInterfaceOrientationPortrait UIInterfaceOrientationPortraitUpsideDown UIInterfaceOrientationLandscapeLeft UIInterfaceOrientationLandscapeRight";
				INFOPLIST_KEY_UISupportedInterfaceOrientations_iPhone = "UIInterfaceOrientationPortrait UIInterfaceOrientationLandscapeLeft UIInterfaceOrientationLandscapeRight";
				LD_RUNPATH_SEARCH_PATHS = (
					"$(inherited)",
					"@executable_path/Frameworks",
				);
				MARKETING_VERSION = 1.0;
				PRODUCT_BUNDLE_IDENTIFIER = com.lama.test.NotyApp;
				PRODUCT_NAME = "$(TARGET_NAME)";
				SWIFT_EMIT_LOC_STRINGS = YES;
				SWIFT_VERSION = 5.0;
				TARGETED_DEVICE_FAMILY = "1,2";
			};
			name = Debug;
		};
		CE587F3C29A3C6190005391C /* Release */ = {
			isa = XCBuildConfiguration;
			buildSettings = {
				ASSETCATALOG_COMPILER_APPICON_NAME = AppIcon;
				ASSETCATALOG_COMPILER_GLOBAL_ACCENT_COLOR_NAME = AccentColor;
				CODE_SIGN_STYLE = Automatic;
				CURRENT_PROJECT_VERSION = 1;
				GENERATE_INFOPLIST_FILE = YES;
				INFOPLIST_FILE = NotyApp/Info.plist;
				INFOPLIST_KEY_CFBundleDisplayName = Noty;
				INFOPLIST_KEY_UIApplicationSupportsIndirectInputEvents = YES;
				INFOPLIST_KEY_UILaunchStoryboardName = LaunchScreen;
				INFOPLIST_KEY_UIMainStoryboardFile = Notes;
				INFOPLIST_KEY_UISupportedInterfaceOrientations_iPad = "UIInterfaceOrientationPortrait UIInterfaceOrientationPortraitUpsideDown UIInterfaceOrientationLandscapeLeft UIInterfaceOrientationLandscapeRight";
				INFOPLIST_KEY_UISupportedInterfaceOrientations_iPhone = "UIInterfaceOrientationPortrait UIInterfaceOrientationLandscapeLeft UIInterfaceOrientationLandscapeRight";
				LD_RUNPATH_SEARCH_PATHS = (
					"$(inherited)",
					"@executable_path/Frameworks",
				);
				MARKETING_VERSION = 1.0;
				PRODUCT_BUNDLE_IDENTIFIER = com.lama.test.NotyApp;
				PRODUCT_NAME = "$(TARGET_NAME)";
				SWIFT_EMIT_LOC_STRINGS = YES;
				SWIFT_VERSION = 5.0;
				TARGETED_DEVICE_FAMILY = "1,2";
			};
			name = Release;
		};
/* End XCBuildConfiguration section */

/* Begin XCConfigurationList section */
		CE587F2129A3C6180005391C /* Build configuration list for PBXProject "NotyApp" */ = {
			isa = XCConfigurationList;
			buildConfigurations = (
				CE587F3829A3C6190005391C /* Debug */,
				CE587F3929A3C6190005391C /* Release */,
			);
			defaultConfigurationIsVisible = 0;
			defaultConfigurationName = Release;
		};
		CE587F3A29A3C6190005391C /* Build configuration list for PBXNativeTarget "NotyApp" */ = {
			isa = XCConfigurationList;
			buildConfigurations = (
				CE587F3B29A3C6190005391C /* Debug */,
				CE587F3C29A3C6190005391C /* Release */,
			);
			defaultConfigurationIsVisible = 0;
			defaultConfigurationName = Release;
		};
/* End XCConfigurationList section */

/* Begin XCVersionGroup section */
		CE587F4429A3CC100005391C /* Noty.xcdatamodeld */ = {
			isa = XCVersionGroup;
			children = (
				CE587F4529A3CC100005391C /* Noty.xcdatamodel */,
			);
			currentVersion = CE587F4529A3CC100005391C /* Noty.xcdatamodel */;
			path = Noty.xcdatamodeld;
			sourceTree = "<group>";
			versionGroupType = wrapper.xcdatamodel;
		};
/* End XCVersionGroup section */
	};
	rootObject = CE587F1E29A3C6180005391C /* Project object */;
}
