// !$*UTF8*$!
{
	archiveVersion = 1;
	classes = {
	};
	objectVersion = 56;
	objects = {

/* Begin PBXBuildFile section */
		CEA0EDC1299E746B00BBBC36 /* AppDelegate.swift in Sources */ = {isa = PBXBuildFile; fileRef = CEA0EDC0299E746B00BBBC36 /* AppDelegate.swift */; };
		CEA0EDC3299E746B00BBBC36 /* SceneDelegate.swift in Sources */ = {isa = PBXBuildFile; fileRef = CEA0EDC2299E746B00BBBC36 /* SceneDelegate.swift */; };
		CEA0EDC5299E746B00BBBC36 /* NoteListViewController.swift in Sources */ = {isa = PBXBuildFile; fileRef = CEA0EDC4299E746B00BBBC36 /* NoteListViewController.swift */; };
		CEA0EDC8299E746B00BBBC36 /* Main.storyboard in Resources */ = {isa = PBXBuildFile; fileRef = CEA0EDC6299E746B00BBBC36 /* Main.storyboard */; };
		CEA0EDCA299E746D00BBBC36 /* Assets.xcassets in Resources */ = {isa = PBXBuildFile; fileRef = CEA0EDC9299E746D00BBBC36 /* Assets.xcassets */; };
		CEA0EDCD299E746D00BBBC36 /* LaunchScreen.storyboard in Resources */ = {isa = PBXBuildFile; fileRef = CEA0EDCB299E746D00BBBC36 /* LaunchScreen.storyboard */; };
		CEA0EDD5299E74BD00BBBC36 /* Note.swift in Sources */ = {isa = PBXBuildFile; fileRef = CEA0EDD4299E74BD00BBBC36 /* Note.swift */; };
		CEA0EDD7299E79CD00BBBC36 /* LocalStorage.swift in Sources */ = {isa = PBXBuildFile; fileRef = CEA0EDD6299E79CD00BBBC36 /* LocalStorage.swift */; };
		CEA0EDD9299E7A7E00BBBC36 /* LocalStoragManager.swift in Sources */ = {isa = PBXBuildFile; fileRef = CEA0EDD8299E7A7E00BBBC36 /* LocalStoragManager.swift */; };
		CEA0EDDB299E8F4300BBBC36 /* CustomeViewModel.swift in Sources */ = {isa = PBXBuildFile; fileRef = CEA0EDDA299E8F4300BBBC36 /* CustomeViewModel.swift */; };
/* End PBXBuildFile section */

/* Begin PBXFileReference section */
		CEA0EDBD299E746B00BBBC36 /* StoreCustomeType.app */ = {isa = PBXFileReference; explicitFileType = wrapper.application; includeInIndex = 0; path = StoreCustomeType.app; sourceTree = BUILT_PRODUCTS_DIR; };
		CEA0EDC0299E746B00BBBC36 /* AppDelegate.swift */ = {isa = PBXFileReference; lastKnownFileType = sourcecode.swift; path = AppDelegate.swift; sourceTree = "<group>"; };
		CEA0EDC2299E746B00BBBC36 /* SceneDelegate.swift */ = {isa = PBXFileReference; lastKnownFileType = sourcecode.swift; path = SceneDelegate.swift; sourceTree = "<group>"; };
		CEA0EDC4299E746B00BBBC36 /* NoteListViewController.swift */ = {isa = PBXFileReference; lastKnownFileType = sourcecode.swift; path = NoteListViewController.swift; sourceTree = "<group>"; };
		CEA0EDC7299E746B00BBBC36 /* Base */ = {isa = PBXFileReference; lastKnownFileType = file.storyboard; name = Base; path = Base.lproj/Main.storyboard; sourceTree = "<group>"; };
		CEA0EDC9299E746D00BBBC36 /* Assets.xcassets */ = {isa = PBXFileReference; lastKnownFileType = folder.assetcatalog; path = Assets.xcassets; sourceTree = "<group>"; };
		CEA0EDCC299E746D00BBBC36 /* Base */ = {isa = PBXFileReference; lastKnownFileType = file.storyboard; name = Base; path = Base.lproj/LaunchScreen.storyboard; sourceTree = "<group>"; };
		CEA0EDCE299E746D00BBBC36 /* Info.plist */ = {isa = PBXFileReference; lastKnownFileType = text.plist.xml; path = Info.plist; sourceTree = "<group>"; };
		CEA0EDD4299E74BD00BBBC36 /* Note.swift */ = {isa = PBXFileReference; lastKnownFileType = sourcecode.swift; path = Note.swift; sourceTree = "<group>"; };
		CEA0EDD6299E79CD00BBBC36 /* LocalStorage.swift */ = {isa = PBXFileReference; lastKnownFileType = sourcecode.swift; path = LocalStorage.swift; sourceTree = "<group>"; };
		CEA0EDD8299E7A7E00BBBC36 /* LocalStoragManager.swift */ = {isa = PBXFileReference; lastKnownFileType = sourcecode.swift; path = LocalStoragManager.swift; sourceTree = "<group>"; };
		CEA0EDDA299E8F4300BBBC36 /* CustomeViewModel.swift */ = {isa = PBXFileReference; lastKnownFileType = sourcecode.swift; path = CustomeViewModel.swift; sourceTree = "<group>"; };
/* End PBXFileReference section */

/* Begin PBXFrameworksBuildPhase section */
		CEA0EDBA299E746B00BBBC36 /* Frameworks */ = {
			isa = PBXFrameworksBuildPhase;
			buildActionMask = 2147483647;
			files = (
			);
			runOnlyForDeploymentPostprocessing = 0;
		};
/* End PBXFrameworksBuildPhase section */

/* Begin PBXGroup section */
		CEA0EDB4299E746B00BBBC36 = {
			isa = PBXGroup;
			children = (
				CEA0EDBF299E746B00BBBC36 /* StoreCustomeType */,
				CEA0EDBE299E746B00BBBC36 /* Products */,
			);
			sourceTree = "<group>";
		};
		CEA0EDBE299E746B00BBBC36 /* Products */ = {
			isa = PBXGroup;
			children = (
				CEA0EDBD299E746B00BBBC36 /* StoreCustomeType.app */,
			);
			name = Products;
			sourceTree = "<group>";
		};
		CEA0EDBF299E746B00BBBC36 /* StoreCustomeType */ = {
			isa = PBXGroup;
			children = (
				CEA0EDC0299E746B00BBBC36 /* AppDelegate.swift */,
				CEA0EDC2299E746B00BBBC36 /* SceneDelegate.swift */,
				CEA0EDC4299E746B00BBBC36 /* NoteListViewController.swift */,
				CEA0EDD6299E79CD00BBBC36 /* LocalStorage.swift */,
				CEA0EDD8299E7A7E00BBBC36 /* LocalStoragManager.swift */,
				CEA0EDD4299E74BD00BBBC36 /* Note.swift */,
				CEA0EDDA299E8F4300BBBC36 /* CustomeViewModel.swift */,
				CEA0EDC6299E746B00BBBC36 /* Main.storyboard */,
				CEA0EDC9299E746D00BBBC36 /* Assets.xcassets */,
				CEA0EDCB299E746D00BBBC36 /* LaunchScreen.storyboard */,
				CEA0EDCE299E746D00BBBC36 /* Info.plist */,
			);
			path = StoreCustomeType;
			sourceTree = "<group>";
		};
/* End PBXGroup section */

/* Begin PBXNativeTarget section */
		CEA0EDBC299E746B00BBBC36 /* StoreCustomeType */ = {
			isa = PBXNativeTarget;
			buildConfigurationList = CEA0EDD1299E746D00BBBC36 /* Build configuration list for PBXNativeTarget "StoreCustomeType" */;
			buildPhases = (
				CEA0EDB9299E746B00BBBC36 /* Sources */,
				CEA0EDBA299E746B00BBBC36 /* Frameworks */,
				CEA0EDBB299E746B00BBBC36 /* Resources */,
			);
			buildRules = (
			);
			dependencies = (
			);
			name = StoreCustomeType;
			productName = StoreCustomeType;
			productReference = CEA0EDBD299E746B00BBBC36 /* StoreCustomeType.app */;
			productType = "com.apple.product-type.application";
		};
/* End PBXNativeTarget section */

/* Begin PBXProject section */
		CEA0EDB5299E746B00BBBC36 /* Project object */ = {
			isa = PBXProject;
			attributes = {
				BuildIndependentTargetsInParallel = 1;
				LastSwiftUpdateCheck = 1420;
				LastUpgradeCheck = 1420;
				TargetAttributes = {
					CEA0EDBC299E746B00BBBC36 = {
						CreatedOnToolsVersion = 14.2;
					};
				};
			};
			buildConfigurationList = CEA0EDB8299E746B00BBBC36 /* Build configuration list for PBXProject "StoreCustomeType" */;
			compatibilityVersion = "Xcode 14.0";
			developmentRegion = en;
			hasScannedForEncodings = 0;
			knownRegions = (
				en,
				Base,
			);
			mainGroup = CEA0EDB4299E746B00BBBC36;
			productRefGroup = CEA0EDBE299E746B00BBBC36 /* Products */;
			projectDirPath = "";
			projectRoot = "";
			targets = (
				CEA0EDBC299E746B00BBBC36 /* StoreCustomeType */,
			);
		};
/* End PBXProject section */

/* Begin PBXResourcesBuildPhase section */
		CEA0EDBB299E746B00BBBC36 /* Resources */ = {
			isa = PBXResourcesBuildPhase;
			buildActionMask = 2147483647;
			files = (
				CEA0EDCD299E746D00BBBC36 /* LaunchScreen.storyboard in Resources */,
				CEA0EDCA299E746D00BBBC36 /* Assets.xcassets in Resources */,
				CEA0EDC8299E746B00BBBC36 /* Main.storyboard in Resources */,
			);
			runOnlyForDeploymentPostprocessing = 0;
		};
/* End PBXResourcesBuildPhase section */

/* Begin PBXSourcesBuildPhase section */
		CEA0EDB9299E746B00BBBC36 /* Sources */ = {
			isa = PBXSourcesBuildPhase;
			buildActionMask = 2147483647;
			files = (
				CEA0EDC5299E746B00BBBC36 /* NoteListViewController.swift in Sources */,
				CEA0EDD9299E7A7E00BBBC36 /* LocalStoragManager.swift in Sources */,
				CEA0EDC1299E746B00BBBC36 /* AppDelegate.swift in Sources */,
				CEA0EDD7299E79CD00BBBC36 /* LocalStorage.swift in Sources */,
				CEA0EDDB299E8F4300BBBC36 /* CustomeViewModel.swift in Sources */,
				CEA0EDC3299E746B00BBBC36 /* SceneDelegate.swift in Sources */,
				CEA0EDD5299E74BD00BBBC36 /* Note.swift in Sources */,
			);
			runOnlyForDeploymentPostprocessing = 0;
		};
/* End PBXSourcesBuildPhase section */

/* Begin PBXVariantGroup section */
		CEA0EDC6299E746B00BBBC36 /* Main.storyboard */ = {
			isa = PBXVariantGroup;
			children = (
				CEA0EDC7299E746B00BBBC36 /* Base */,
			);
			name = Main.storyboard;
			sourceTree = "<group>";
		};
		CEA0EDCB299E746D00BBBC36 /* LaunchScreen.storyboard */ = {
			isa = PBXVariantGroup;
			children = (
				CEA0EDCC299E746D00BBBC36 /* Base */,
			);
			name = LaunchScreen.storyboard;
			sourceTree = "<group>";
		};
/* End PBXVariantGroup section */

/* Begin XCBuildConfiguration section */
		CEA0EDCF299E746D00BBBC36 /* Debug */ = {
			isa = XCBuildConfiguration;
			buildSettings = {
				ALWAYS_SEARCH_USER_PATHS = NO;
				CLANG_ANALYZER_NONNULL = YES;
				CLANG_ANALYZER_NUMBER_OBJECT_CONVERSION = YES_AGGRESSIVE;
				CLANG_CXX_LANGUAGE_STANDARD = "gnu++20";
				CLANG_ENABLE_MODULES = YES;
				CLANG_ENABLE_OBJC_ARC = YES;
				CLANG_ENABLE_OBJC_WEAK = YES;
				CLANG_WARN_BLOCK_CAPTURE_AUTORELEASING = YES;
				CLANG_WARN_BOOL_CONVERSION = YES;
				CLANG_WARN_COMMA = YES;
				CLANG_WARN_CONSTANT_CONVERSION = YES;
				CLANG_WARN_DEPRECATED_OBJC_IMPLEMENTATIONS = YES;
				CLANG_WARN_DIRECT_OBJC_ISA_USAGE = YES_ERROR;
				CLANG_WARN_DOCUMENTATION_COMMENTS = YES;
				CLANG_WARN_EMPTY_BODY = YES;
				CLANG_WARN_ENUM_CONVERSION = YES;
				CLANG_WARN_INFINITE_RECURSION = YES;
				CLANG_WARN_INT_CONVERSION = YES;
				CLANG_WARN_NON_LITERAL_NULL_CONVERSION = YES;
				CLANG_WARN_OBJC_IMPLICIT_RETAIN_SELF = YES;
				CLANG_WARN_OBJC_LITERAL_CONVERSION = YES;
				CLANG_WARN_OBJC_ROOT_CLASS = YES_ERROR;
				CLANG_WARN_QUOTED_INCLUDE_IN_FRAMEWORK_HEADER = YES;
				CLANG_WARN_RANGE_LOOP_ANALYSIS = YES;
				CLANG_WARN_STRICT_PROTOTYPES = YES;
				CLANG_WARN_SUSPICIOUS_MOVE = YES;
				CLANG_WARN_UNGUARDED_AVAILABILITY = YES_AGGRESSIVE;
				CLANG_WARN_UNREACHABLE_CODE = YES;
				CLANG_WARN__DUPLICATE_METHOD_MATCH = YES;
				COPY_PHASE_STRIP = NO;
				DEBUG_INFORMATION_FORMAT = dwarf;
				ENABLE_STRICT_OBJC_MSGSEND = YES;
				ENABLE_TESTABILITY = YES;
				GCC_C_LANGUAGE_STANDARD = gnu11;
				GCC_DYNAMIC_NO_PIC = NO;
				GCC_NO_COMMON_BLOCKS = YES;
				GCC_OPTIMIZATION_LEVEL = 0;
				GCC_PREPROCESSOR_DEFINITIONS = (
					"DEBUG=1",
					"$(inherited)",
				);
				GCC_WARN_64_TO_32_BIT_CONVERSION = YES;
				GCC_WARN_ABOUT_RETURN_TYPE = YES_ERROR;
				GCC_WARN_UNDECLARED_SELECTOR = YES;
				GCC_WARN_UNINITIALIZED_AUTOS = YES_AGGRESSIVE;
				GCC_WARN_UNUSED_FUNCTION = YES;
				GCC_WARN_UNUSED_VARIABLE = YES;
				IPHONEOS_DEPLOYMENT_TARGET = 16.2;
				MTL_ENABLE_DEBUG_INFO = INCLUDE_SOURCE;
				MTL_FAST_MATH = YES;
				ONLY_ACTIVE_ARCH = YES;
				SDKROOT = iphoneos;
				SWIFT_ACTIVE_COMPILATION_CONDITIONS = DEBUG;
				SWIFT_OPTIMIZATION_LEVEL = "-Onone";
			};
			name = Debug;
		};
		CEA0EDD0299E746D00BBBC36 /* Release */ = {
			isa = XCBuildConfiguration;
			buildSettings = {
				ALWAYS_SEARCH_USER_PATHS = NO;
				CLANG_ANALYZER_NONNULL = YES;
				CLANG_ANALYZER_NUMBER_OBJECT_CONVERSION = YES_AGGRESSIVE;
				CLANG_CXX_LANGUAGE_STANDARD = "gnu++20";
				CLANG_ENABLE_MODULES = YES;
				CLANG_ENABLE_OBJC_ARC = YES;
				CLANG_ENABLE_OBJC_WEAK = YES;
				CLANG_WARN_BLOCK_CAPTURE_AUTORELEASING = YES;
				CLANG_WARN_BOOL_CONVERSION = YES;
				CLANG_WARN_COMMA = YES;
				CLANG_WARN_CONSTANT_CONVERSION = YES;
				CLANG_WARN_DEPRECATED_OBJC_IMPLEMENTATIONS = YES;
				CLANG_WARN_DIRECT_OBJC_ISA_USAGE = YES_ERROR;
				CLANG_WARN_DOCUMENTATION_COMMENTS = YES;
				CLANG_WARN_EMPTY_BODY = YES;
				CLANG_WARN_ENUM_CONVERSION = YES;
				CLANG_WARN_INFINITE_RECURSION = YES;
				CLANG_WARN_INT_CONVERSION = YES;
				CLANG_WARN_NON_LITERAL_NULL_CONVERSION = YES;
				CLANG_WARN_OBJC_IMPLICIT_RETAIN_SELF = YES;
				CLANG_WARN_OBJC_LITERAL_CONVERSION = YES;
				CLANG_WARN_OBJC_ROOT_CLASS = YES_ERROR;
				CLANG_WARN_QUOTED_INCLUDE_IN_FRAMEWORK_HEADER = YES;
				CLANG_WARN_RANGE_LOOP_ANALYSIS = YES;
				CLANG_WARN_STRICT_PROTOTYPES = YES;
				CLANG_WARN_SUSPICIOUS_MOVE = YES;
				CLANG_WARN_UNGUARDED_AVAILABILITY = YES_AGGRESSIVE;
				CLANG_WARN_UNREACHABLE_CODE = YES;
				CLANG_WARN__DUPLICATE_METHOD_MATCH = YES;
				COPY_PHASE_STRIP = NO;
				DEBUG_INFORMATION_FORMAT = "dwarf-with-dsym";
				ENABLE_NS_ASSERTIONS = NO;
				ENABLE_STRICT_OBJC_MSGSEND = YES;
				GCC_C_LANGUAGE_STANDARD = gnu11;
				GCC_NO_COMMON_BLOCKS = YES;
				GCC_WARN_64_TO_32_BIT_CONVERSION = YES;
				GCC_WARN_ABOUT_RETURN_TYPE = YES_ERROR;
				GCC_WARN_UNDECLARED_SELECTOR = YES;
				GCC_WARN_UNINITIALIZED_AUTOS = YES_AGGRESSIVE;
				GCC_WARN_UNUSED_FUNCTION = YES;
				GCC_WARN_UNUSED_VARIABLE = YES;
				IPHONEOS_DEPLOYMENT_TARGET = 16.2;
				MTL_ENABLE_DEBUG_INFO = NO;
				MTL_FAST_MATH = YES;
				SDKROOT = iphoneos;
				SWIFT_COMPILATION_MODE = wholemodule;
				SWIFT_OPTIMIZATION_LEVEL = "-O";
				VALIDATE_PRODUCT = YES;
			};
			name = Release;
		};
		CEA0EDD2299E746D00BBBC36 /* Debug */ = {
			isa = XCBuildConfiguration;
			buildSettings = {
				ASSETCATALOG_COMPILER_APPICON_NAME = AppIcon;
				ASSETCATALOG_COMPILER_GLOBAL_ACCENT_COLOR_NAME = AccentColor;
				CODE_SIGN_STYLE = Automatic;
				CURRENT_PROJECT_VERSION = 1;
				GENERATE_INFOPLIST_FILE = YES;
				INFOPLIST_FILE = StoreCustomeType/Info.plist;
				INFOPLIST_KEY_UIApplicationSupportsIndirectInputEvents = YES;
				INFOPLIST_KEY_UILaunchStoryboardName = LaunchScreen;
				INFOPLIST_KEY_UIMainStoryboardFile = Main;
				INFOPLIST_KEY_UISupportedInterfaceOrientations_iPad = "UIInterfaceOrientationPortrait UIInterfaceOrientationPortraitUpsideDown UIInterfaceOrientationLandscapeLeft UIInterfaceOrientationLandscapeRight";
				INFOPLIST_KEY_UISupportedInterfaceOrientations_iPhone = "UIInterfaceOrientationPortrait UIInterfaceOrientationLandscapeLeft UIInterfaceOrientationLandscapeRight";
				LD_RUNPATH_SEARCH_PATHS = (
					"$(inherited)",
					"@executable_path/Frameworks",
				);
				MARKETING_VERSION = 1.0;
				PRODUCT_BUNDLE_IDENTIFIER = com.lama.test.StoreCustomeType;
				PRODUCT_NAME = "$(TARGET_NAME)";
				SWIFT_EMIT_LOC_STRINGS = YES;
				SWIFT_VERSION = 5.0;
				TARGETED_DEVICE_FAMILY = "1,2";
			};
			name = Debug;
		};
		CEA0EDD3299E746D00BBBC36 /* Release */ = {
			isa = XCBuildConfiguration;
			buildSettings = {
				ASSETCATALOG_COMPILER_APPICON_NAME = AppIcon;
				ASSETCATALOG_COMPILER_GLOBAL_ACCENT_COLOR_NAME = AccentColor;
				CODE_SIGN_STYLE = Automatic;
				CURRENT_PROJECT_VERSION = 1;
				GENERATE_INFOPLIST_FILE = YES;
				INFOPLIST_FILE = StoreCustomeType/Info.plist;
				INFOPLIST_KEY_UIApplicationSupportsIndirectInputEvents = YES;
				INFOPLIST_KEY_UILaunchStoryboardName = LaunchScreen;
				INFOPLIST_KEY_UIMainStoryboardFile = Main;
				INFOPLIST_KEY_UISupportedInterfaceOrientations_iPad = "UIInterfaceOrientationPortrait UIInterfaceOrientationPortraitUpsideDown UIInterfaceOrientationLandscapeLeft UIInterfaceOrientationLandscapeRight";
				INFOPLIST_KEY_UISupportedInterfaceOrientations_iPhone = "UIInterfaceOrientationPortrait UIInterfaceOrientationLandscapeLeft UIInterfaceOrientationLandscapeRight";
				LD_RUNPATH_SEARCH_PATHS = (
					"$(inherited)",
					"@executable_path/Frameworks",
				);
				MARKETING_VERSION = 1.0;
				PRODUCT_BUNDLE_IDENTIFIER = com.lama.test.StoreCustomeType;
				PRODUCT_NAME = "$(TARGET_NAME)";
				SWIFT_EMIT_LOC_STRINGS = YES;
				SWIFT_VERSION = 5.0;
				TARGETED_DEVICE_FAMILY = "1,2";
			};
			name = Release;
		};
/* End XCBuildConfiguration section */

/* Begin XCConfigurationList section */
		CEA0EDB8299E746B00BBBC36 /* Build configuration list for PBXProject "StoreCustomeType" */ = {
			isa = XCConfigurationList;
			buildConfigurations = (
				CEA0EDCF299E746D00BBBC36 /* Debug */,
				CEA0EDD0299E746D00BBBC36 /* Release */,
			);
			defaultConfigurationIsVisible = 0;
			defaultConfigurationName = Release;
		};
		CEA0EDD1299E746D00BBBC36 /* Build configuration list for PBXNativeTarget "StoreCustomeType" */ = {
			isa = XCConfigurationList;
			buildConfigurations = (
				CEA0EDD2299E746D00BBBC36 /* Debug */,
				CEA0EDD3299E746D00BBBC36 /* Release */,
			);
			defaultConfigurationIsVisible = 0;
			defaultConfigurationName = Release;
		};
/* End XCConfigurationList section */
	};
	rootObject = CEA0EDB5299E746B00BBBC36 /* Project object */;
}
